
Microsoft Visual Studio Solution File, Format Version 12.00
# Visual Studio Version 16
VisualStudioVersion = 16.0.30907.101
MinimumVisualStudioVersion = 10.0.40219.1
Project("{FAE04EC0-301F-11D3-BF4B-00C04F79EFBC}") = "SpaceTraders", "SpaceTraders\SpaceTraders.csproj", "{24EE4885-FE36-4E5D-9230-728F5E39FEEC}"
EndProject
Global
	GlobalSection(SolutionConfigurationPlatforms) = preSolution
		Debug|Any CPU = Debug|Any CPU
		Release|Any CPU = Release|Any CPU
	EndGlobalSection
	GlobalSection(ProjectConfigurationPlatforms) = postSolution
		{24EE4885-FE36-4E5D-9230-728F5E39FEEC}.Debug|Any CPU.ActiveCfg = Debug|Any CPU
		{24EE4885-FE36-4E5D-9230-728F5E39FEEC}.Debug|Any CPU.Build.0 = Debug|Any CPU
		{24EE4885-FE36-4E5D-9230-728F5E39FEEC}.Release|Any CPU.ActiveCfg = Release|Any CPU
		{24EE4885-FE36-4E5D-9230-728F5E39FEEC}.Release|Any CPU.Build.0 = Release|Any CPU
	EndGlobalSection
	GlobalSection(SolutionProperties) = preSolution
		HideSolutionNode = FALSE
	EndGlobalSection
	GlobalSection(ExtensibilityGlobals) = postSolution
		SolutionGuid = {A16B2272-EFB8-4515-9165-5977A86BD239}
	EndGlobalSection
EndGlobal
